
Microsoft Visual Studio Solution File, Format Version 12.00
# Visual Studio 15
VisualStudioVersion = 15.0.28307.1321
MinimumVisualStudioVersion = 10.0.40219.1
Project("{9A19103F-16F7-4668-BE54-9A1E7A4F7556}") = "KeybrandsPlus", "KeybrandsPlus.csproj", "{895905C6-A323-4B5F-AE80-D77761DE9762}"
EndProject
Global
	GlobalSection(SolutionConfigurationPlatforms) = preSolution
		Debug|Any CPU = Debug|Any CPU
		Release|Any CPU = Release|Any CPU
	EndGlobalSection
	GlobalSection(ProjectConfigurationPlatforms) = postSolution
		{895905C6-A323-4B5F-AE80-D77761DE9762}.Debug|Any CPU.ActiveCfg = Debug|Any CPU
		{895905C6-A323-4B5F-AE80-D77761DE9762}.Debug|Any CPU.Build.0 = Debug|Any CPU
		{895905C6-A323-4B5F-AE80-D77761DE9762}.Release|Any CPU.ActiveCfg = Release|Any CPU
		{895905C6-A323-4B5F-AE80-D77761DE9762}.Release|Any CPU.Build.0 = Release|Any CPU
	EndGlobalSection
	GlobalSection(SolutionProperties) = preSolution
		HideSolutionNode = FALSE
	EndGlobalSection
	GlobalSection(ExtensibilityGlobals) = postSolution
		SolutionGuid = {ACEA5AC9-F446-4EE0-B139-64C7AF538223}
	EndGlobalSection
EndGlobal
